{
  "name": "web",
  "version": "0.1.0",
  "lockfileVersion": 3,
  "requires": true,
  "packages": {
    "": {
      "name": "web",
      "version": "0.1.0",
      "dependencies": {
        "@heroui/react": "^3.2.6",
        "@heroui/styles": "^3.2.6",
        "next": "16.3.6",
        "react": "19.2.8",
        "react-dom": "19.2.8"
      },
      "devDependencies": {
        "@tailwindcss/postcss": "^4",
        "@types/node": "^20",
        "@types/react": "^19",
        "@types/react-dom": "^19",
        "eslint": "^9",
        "eslint-config-next": "16.3.6",
        "tailwindcss": "^4",
        "typescript": "^5"
      }
    },
    "../../node_modules/.pnpm/@tailwindcss+postcss@4.3.3/node_modules/@tailwindcss/postcss": {
      "version": "4.3.3",
      "dev": true,
      "license": "MIT",
      "dependencies": {
        "@alloc/quick-lru": "^5.2.0",
        "@tailwindcss/node": "4.3.3",
        "@tailwindcss/oxide": "4.3.3",
        "postcss": "^8.5.16",
        "tailwindcss": "4.3.3"
      },
      "devDependencies": {
        "@types/node": "22.19.21",
        "@types/postcss-import": "14.0.3",
        "dedent": "1.7.2",
        "internal-example-plugin": "0.0.0",
        "postcss-import": "^16.1.1"
      }
    },
    "../../node_modules/.pnpm/@types+node@20.19.43/node_modules/@types/node": {
      "version": "20.19.43",
      "dev": true,
      "license": "MIT",
      "dependencies": {
        "undici-types": "~6.21.0"
      }
    },
    "../../node_modules/.pnpm/@types+react-dom@19.3.0_@types+react@19.3.0/node_modules/@types/react-dom": {
      "version": "19.3.0",
      "devOptional": true,
      "license": "MIT",
      "peerDependencies": {
        "@types/react": "^19.3.0"
      }
    },
    "../../node_modules/.pnpm/@types+react@19.3.0/node_modules/@types/react": {
      "version": "19.3.0",
      "devOptional": true,
      "license": "MIT",
      "dependencies": {
        "csstype": "^3.2.2"
      }
    },
    "../../node_modules/.pnpm/eslint-config-next@16.3.6_@typescript-eslint+parser@8.70.1_eslint@9.39.5_jiti@2.7.0__typescri_4r4tbp77lx35mnvdfblrlevx4m/node_modules/eslint-config-next": {
      "version": "16.3.6",
      "dev": true,
      "license": "MIT",
      "dependencies": {
        "@next/eslint-plugin-next": "16.3.6",
        "eslint-import-resolver-node": "^0.3.6",
        "eslint-import-resolver-typescript": "^3.5.2",
        "eslint-plugin-import": "^2.32.0",
        "eslint-plugin-jsx-a11y": "^6.10.0",
        "eslint-plugin-react": "^7.37.0",
        "eslint-plugin-react-hooks": "^7.0.0",
        "globals": "16.4.0",
        "typescript-eslint": "^8.46.0"
      },
      "devDependencies": {
        "@types/eslint": "9.6.1",
        "@types/eslint-plugin-jsx-a11y": "6.10.1",
        "typescript": "6.0.2"
      },
      "peerDependencies": {
        "eslint": ">=9.0.0",
        "typescript": ">=3.3.1"
      },
      "peerDependenciesMeta": {
        "typescript": {
          "optional": true
        }
      }
    },
    "../../node_modules/.pnpm/eslint@9.39.5_jiti@2.7.0/node_modules/eslint": {
      "version": "9.39.5",
      "dev": true,
      "license": "MIT",
      "dependencies": {
        "@eslint-community/eslint-utils": "^4.8.0",
        "@eslint-community/regexpp": "^4.12.1",
        "@eslint/config-array": "^0.21.2",
        "@eslint/config-helpers": "^0.4.2",
        "@eslint/core": "^0.17.0",
        "@eslint/eslintrc": "^3.3.6",
        "@eslint/js": "9.39.5",
        "@eslint/plugin-kit": "^0.4.1",
        "@humanfs/node": "^0.16.6",
        "@humanwhocodes/module-importer": "^1.0.1",
        "@humanwhocodes/retry": "^0.4.2",
        "@types/estree": "^1.0.6",
        "ajv": "^6.14.0",
        "chalk": "^4.0.0",
        "cross-spawn": "^7.0.6",
        "debug": "^4.3.2",
        "escape-string-regexp": "^4.0.0",
        "eslint-scope": "^8.4.0",
        "eslint-visitor-keys": "^4.2.1",
        "espree": "^10.4.0",
        "esquery": "^1.5.0",
        "esutils": "^2.0.2",
        "fast-deep-equal": "^3.1.3",
        "file-entry-cache": "^8.0.0",
        "find-up": "^5.0.0",
        "glob-parent": "^6.0.2",
        "ignore": "^5.2.0",
        "imurmurhash": "^0.1.4",
        "is-glob": "^4.0.0",
        "json-stable-stringify-without-jsonify": "^1.0.1",
        "lodash.merge": "^4.6.2",
        "minimatch": "^3.1.5",
        "natural-compare": "^1.4.0",
        "optionator": "^0.9.3"
      },
      "bin": {
        "eslint": "bin/eslint.js"
      },
      "devDependencies": {
        "@arethetypeswrong/cli": "^0.18.0",
        "@babel/core": "^7.4.3",
        "@babel/preset-env": "^7.4.3",
        "@cypress/webpack-preprocessor": "^6.0.2",
        "@eslint/json": "^0.13.2",
        "@trunkio/launcher": "^1.3.4",
        "@types/esquery": "^1.5.4",
        "@types/node": "^22.13.14",
        "@typescript-eslint/parser": "^8.4.0",
        "babel-loader": "^8.0.5",
        "c8": "^7.12.0",
        "chai": "^4.0.1",
        "cheerio": "^0.22.0",
        "common-tags": "^1.8.0",
        "core-js": "^3.1.3",
        "cypress": "^14.1.0",
        "ejs": "^3.0.2",
        "eslint": "file:.",
        "eslint-config-eslint": "file:packages/eslint-config-eslint",
        "eslint-plugin-eslint-plugin": "^6.0.0",
        "eslint-plugin-expect-type": "^0.6.0",
        "eslint-plugin-yml": "^1.14.0",
        "eslint-release": "^3.3.0",
        "eslint-rule-composer": "^0.3.0",
        "eslump": "^3.0.0",
        "esprima": "^4.0.1",
        "fast-glob": "^3.2.11",
        "fs-teardown": "^0.1.3",
        "glob": "^10.0.0",
        "globals": "^16.2.0",
        "got": "^11.8.3",
        "gray-matter": "^4.0.3",
        "jiti": "^2.6.1",
        "jiti-v2.0": "npm:jiti@2.0.x",
        "jiti-v2.1": "npm:jiti@2.1.x",
        "knip": "^5.60.2",
        "lint-staged": "^11.0.0",
        "markdown-it": "^12.2.0",
        "markdown-it-container": "^3.0.0",
        "marked": "^4.0.8",
        "metascraper": "^5.25.7",
        "metascraper-description": "^5.25.7",
        "metascraper-image": "^5.29.3",
        "metascraper-logo": "^5.25.7",
        "metascraper-logo-favicon": "^5.25.7",
        "metascraper-title": "^5.25.7",
        "mocha": "^11.7.1",
        "node-polyfill-webpack-plugin": "^1.0.3",
        "npm-license": "^0.3.3",
        "pirates": "^4.0.5",
        "progress": "^2.0.3",
        "proxyquire": "^2.0.1",
        "recast": "^0.23.0",
        "regenerator-runtime": "^0.14.0",
        "semver": "^7.5.3",
        "shelljs": "^0.10.0",
        "sinon": "^11.0.0",
        "typescript": "^5.3.3",
        "webpack": "^5.23.0",
        "webpack-cli": "^4.5.0",
        "yorkie": "^2.0.0"
      },
      "engines": {
        "node": "^18.18.0 || ^20.9.0 || >=21.1.0"
      },
      "funding": {
        "url": "https://eslint.org/donate"
      },
      "peerDependencies": {
        "jiti": "*"
      },
      "peerDependenciesMeta": {
        "jiti": {
          "optional": true
        }
      }
    },
    "../../node_modules/.pnpm/next@16.3.6_@babel+core@7.29.7_@types+node@20.19.43_babel-plugin-react-compiler@1.0.0_react-d_wsjwq56ieqjl5vxcffnxd7k4si/node_modules/next": {
      "version": "16.3.6",
      "license": "MIT",
      "dependencies": {
        "@next/env": "16.3.6",
        "@swc/helpers": "0.5.23",
        "baseline-browser-mapping": "^2.9.19",
        "caniuse-lite": "^1.0.30001579",
        "postcss": "8.5.23",
        "styled-jsx": "5.1.6"
      },
      "bin": {
        "next": "dist/bin/next"
      },
      "engines": {
        "node": ">=20.9.0"
      },
      "optionalDependencies": {
        "@next/swc-darwin-arm64": "16.3.6",
        "@next/swc-darwin-x64": "16.3.6",
        "@next/swc-linux-arm64-gnu": "16.3.6",
        "@next/swc-linux-arm64-musl": "16.3.6",
        "@next/swc-linux-x64-gnu": "16.3.6",
        "@next/swc-linux-x64-musl": "16.3.6",
        "@next/swc-win32-arm64-msvc": "16.3.6",
        "@next/swc-win32-x64-msvc": "16.3.6",
        "sharp": "^0.35.4"
      },
      "peerDependencies": {
        "@opentelemetry/api": "^1.1.0",
        "@playwright/test": "^1.51.1",
        "babel-plugin-react-compiler": "*",
        "react": "^18.2.0 || 19.0.0-rc-de68d2f4-20241204 || ^19.0.0",
        "react-dom": "^18.2.0 || 19.0.0-rc-de68d2f4-20241204 || ^19.0.0",
        "sass": "^1.3.0"
      },
      "peerDependenciesMeta": {
        "@opentelemetry/api": {
          "optional": true
        },
        "@playwright/test": {
          "optional": true
        },
        "babel-plugin-react-compiler": {
          "optional": true
        },
        "sass": {
          "optional": true
        }
      }
    },
    "../../node_modules/.pnpm/react-dom@19.2.8_react@19.2.8/node_modules/react-dom": {
      "version": "19.2.8",
      "license": "MIT",
      "dependencies": {
        "scheduler": "^0.27.0"
      },
      "peerDependencies": {
        "react": "^19.2.8"
      }
    },
    "../../node_modules/.pnpm/react@19.2.8/node_modules/react": {
      "version": "19.2.8",
      "license": "MIT",
      "engines": {
        "node": ">=0.10.0"
      }
    },
    "../../node_modules/.pnpm/tailwindcss@4.3.3/node_modules/tailwindcss": {
      "version": "4.3.3",
      "license": "MIT",
      "devDependencies": {
        "@jridgewell/remapping": "^2.3.5",
        "@tailwindcss/oxide": "^4.3.3",
        "@types/node": "22.19.21",
        "dedent": "1.7.2",
        "lightningcss": "1.32.0",
        "magic-string": "^0.30.21",
        "source-map-js": "^1.2.1"
      }
    },
    "../../node_modules/.pnpm/typescript@5.9.3/node_modules/typescript": {
      "version": "5.9.3",
      "dev": true,
      "license": "Apache-2.0",
      "bin": {
        "tsc": "bin/tsc",
        "tsserver": "bin/tsserver"
      },
      "devDependencies": {
        "@dprint/formatter": "^0.4.1",
        "@dprint/typescript": "0.93.4",
        "@esfx/canceltoken": "^1.0.0",
        "@eslint/js": "^9.20.0",
        "@octokit/rest": "^21.1.1",
        "@types/chai": "^4.3.20",
        "@types/diff": "^7.0.1",
        "@types/minimist": "^1.2.5",
        "@types/mocha": "^10.0.10",
        "@types/ms": "^0.7.34",
        "@types/node": "latest",
        "@types/source-map-support": "^0.5.10",
        "@types/which": "^3.0.4",
        "@typescript-eslint/rule-tester": "^8.24.1",
        "@typescript-eslint/type-utils": "^8.24.1",
        "@typescript-eslint/utils": "^8.24.1",
        "azure-devops-node-api": "^14.1.0",
        "c8": "^10.1.3",
        "chai": "^4.5.0",
        "chokidar": "^4.0.3",
        "diff": "^7.0.0",
        "dprint": "^0.49.0",
        "esbuild": "^0.25.0",
        "eslint": "^9.20.1",
        "eslint-formatter-autolinkable-stylish": "^1.4.0",
        "eslint-plugin-regexp": "^2.7.0",
        "fast-xml-parser": "^4.5.2",
        "glob": "^10.4.5",
        "globals": "^15.15.0",
        "hereby": "^1.10.0",
        "jsonc-parser": "^3.3.1",
        "knip": "^5.44.4",
        "minimist": "^1.2.8",
        "mocha": "^10.8.2",
        "mocha-fivemat-progress-reporter": "^0.1.0",
        "monocart-coverage-reports": "^2.12.1",
        "ms": "^2.1.3",
        "picocolors": "^1.1.1",
        "playwright": "^1.50.1",
        "source-map-support": "^0.5.21",
        "tslib": "^2.8.1",
        "typescript": "^5.7.3",
        "typescript-eslint": "^8.24.1",
        "which": "^3.0.1"
      },
      "engines": {
        "node": ">=14.17"
      }
    },
    "node_modules/@adobe/react-spectrum": {
      "version": "3.47.5",
      "resolved": "https://registry.npmjs.org/@adobe/react-spectrum/-/react-spectrum-3.47.5.tgz",
      "integrity": "sha512-iTbAwwMijVnQjwjwbvkWn82AyRAbFNSJzt/VawWp1vXRIxVIO9COZ1pPG5Fj88xXgqlG8maVcv58p74vqqy5HA==",
      "license": "Apache-2.0",
      "dependencies": {
        "@internationalized/date": "^3.12.4",
        "@react-types/shared": "^3.36.1",
        "@spectrum-icons/ui": "^3.7.2",
        "@spectrum-icons/workflow": "^4.3.2",
        "@swc/helpers": "^0.5.0",
        "client-only": "^0.0.1",
        "clsx": "^2.0.0",
        "react-aria": "3.52.1",
        "react-aria-components": "1.21.1",
        "react-stately": "3.50.0",
        "react-transition-group": "^4.4.5",
        "use-sync-external-store": "^1.6.0"
      },
      "peerDependencies": {
        "react": "^16.8.0 || ^17.0.0-rc.1 || ^18.0.0 || ^19.0.0-rc.1",
        "react-dom": "^16.8.0 || ^17.0.0-rc.1 || ^18.0.0 || ^19.0.0-rc.1"
      }
    },
    "node_modules/@adobe/react-spectrum-ui": {
      "version": "1.2.1",
      "resolved": "https://registry.npmjs.org/@adobe/react-spectrum-ui/-/react-spectrum-ui-1.2.1.tgz",
      "integrity": "sha512-wcrbEE2O/9WnEn6avBnaVRRx88S5PLFsPLr4wffzlbMfXeQsy+RMQwaJd3cbzrn18/j04Isit7f7Emfn0dhrJA==",
      "license": "Apache-2.0",
      "peerDependencies": {
        "react": "^16.8.0 || ^17.0.0-rc.1 || ^18.0.0 || ^19.0.0",
        "react-dom": "^16.8.0 || ^17.0.0-rc.1 || ^18.0.0 || ^19.0.0"
      }
    },
    "node_modules/@adobe/react-spectrum-workflow": {
      "version": "2.3.5",
      "resolved": "https://registry.npmjs.org/@adobe/react-spectrum-workflow/-/react-spectrum-workflow-2.3.5.tgz",
      "integrity": "sha512-b53VIPwPWKb/T5gzE3qs+QlGP5gVrw/LnWV3xMksDU+CRl3rzOKUwxIGiZO8ICyYh1WiyqY4myGlPU/nAynBUg==",
      "license": "Apache-2.0",
      "peerDependencies": {
        "react": "^16.8.0 || ^17.0.0-rc.1 || ^18.0.0 || ^19.0.0",
        "react-dom": "^16.8.0 || ^17.0.0-rc.1 || ^18.0.0 || ^19.0.0"
      }
    },
    "node_modules/@babel/runtime": {
      "version": "7.29.7",
      "resolved": "https://registry.npmjs.org/@babel/runtime/-/runtime-7.29.7.tgz",
      "integrity": "sha512-Nq8OhGWiZIZGV6hLHoyAKLLcJihP/xFeBMGJoUrxTX2psI8dCifzLhZISFb+VWS3wFMRDmCGw5R+dOySCqPLhw==",
      "license": "MIT",
      "engines": {
        "node": ">=6.9.0"
      }
    },
    "node_modules/@heroui/react": {
      "version": "3.2.6",
      "resolved": "https://registry.npmjs.org/@heroui/react/-/react-3.2.6.tgz",
      "integrity": "sha512-KBhUUUdX4571SSjwpuBPEFZTYAw/tmGezTIsTnjIOlXDZkjWACfhFe6ibtReO+xTkUcfxCV1r3cF00/3OPlhhw==",
      "license": "MIT",
      "dependencies": {
        "@heroui/styles": "3.2.6",
        "@radix-ui/react-avatar": "1.2.6",
        "@react-stately/utils": "3.12.1",
        "@react-types/color": "3.2.0",
        "@react-types/shared": "3.36.1",
        "input-otp": "1.5.0",
        "tailwind-variants": "3.3.1"
      },
      "peerDependencies": {
        "@internationalized/date": "^3.12.4",
        "@react-aria/ssr": "^3.10.1",
        "@react-aria/utils": "^3.34.1",
        "react": ">=19.0.0",
        "react-aria": "^3.52.1",
        "react-aria-components": "^1.21.1",
        "react-dom": ">=19.0.0",
        "tailwindcss": ">=4.0.0"
      }
    },
    "node_modules/@heroui/styles": {
      "version": "3.2.6",
      "resolved": "https://registry.npmjs.org/@heroui/styles/-/styles-3.2.6.tgz",
      "integrity": "sha512-feKZUphVe5+QCXnUe8kpqT5T+pPeMI3LaQcSztx08PGVTkhz0dU0C6crKvA1G4HHIPFXXon68VeL8lPjvGHsWg==",
      "license": "MIT",
      "dependencies": {
        "tailwind-variants": "3.3.1",
        "tw-animate-css": "1.4.0"
      },
      "peerDependencies": {
        "tailwindcss": ">=4.0.0"
      }
    },
    "node_modules/@internationalized/date": {
      "version": "3.12.4",
      "resolved": "https://registry.npmjs.org/@internationalized/date/-/date-3.12.4.tgz",
      "integrity": "sha512-M1dEn4c1U1HsSlaVR8upZtSqvXrTkHDfv18H01uCSJyjVLDxnBR38v/fMxecmlwXKR4i9HeZcmgQAPE6A+aGJQ==",
      "license": "Apache-2.0",
      "dependencies": {
        "@swc/helpers": "^0.5.0"
      }
    },
    "node_modules/@internationalized/number": {
      "version": "3.6.8",
      "resolved": "https://registry.npmjs.org/@internationalized/number/-/number-3.6.8.tgz",
      "integrity": "sha512-8UmMFia46DUt+k97zKd9fKWXcWHR+k8ae3eYzILETuT2KbIvLyOfac7zesw+sJdRAAZ7Q9pM1Mk22aXp2LD0Ig==",
      "license": "Apache-2.0",
      "dependencies": {
        "@swc/helpers": "^0.5.0"
      }
    },
    "node_modules/@internationalized/string": {
      "version": "3.2.10",
      "resolved": "https://registry.npmjs.org/@internationalized/string/-/string-3.2.10.tgz",
      "integrity": "sha512-PDx6//vHSpRnHfxqMqto11zQvhsaU74O3mKv2F/0eicGZcl9NLjQmGlbHz/LsJh5tLKp4A4L7ZVTzN1/MmMTvA==",
      "license": "Apache-2.0",
      "dependencies": {
        "@swc/helpers": "^0.5.0"
      }
    },
    "node_modules/@radix-ui/primitive": {
      "version": "1.1.7",
      "resolved": "https://registry.npmjs.org/@radix-ui/primitive/-/primitive-1.1.7.tgz",
      "integrity": "sha512-rqWnm76nYT8HoNNqEjpgJ7Pw/DrBj5iBTrmEPo6HTX5+VJyBNOqTdv4g89G63HuR5g0AaENoAcH7Is5fF2kZ8Q==",
      "license": "MIT"
    },
    "node_modules/@radix-ui/react-avatar": {
      "version": "1.2.6",
      "resolved": "https://registry.npmjs.org/@radix-ui/react-avatar/-/react-avatar-1.2.6.tgz",
      "integrity": "sha512-4ULOTJ/mqy2hT9GlWa/MFHxHSvH3nJzHnZM1waNsc5Bonv7i70aNenghXmD97S6OJ81ekXONGGt4nT1r0PfEdA==",
      "license": "MIT",
      "dependencies": {
        "@radix-ui/primitive": "1.1.7",
        "@radix-ui/react-context": "1.2.2",
        "@radix-ui/react-primitive": "2.1.10",
        "@radix-ui/react-use-callback-ref": "1.1.4",
        "@radix-ui/react-use-is-hydrated": "0.1.3",
        "@radix-ui/react-use-layout-effect": "1.1.4"
      },
      "peerDependencies": {
        "@types/react": "*",
        "@types/react-dom": "*",
        "react": "^16.8 || ^17.0 || ^18.0 || ^19.0 || ^19.0.0-rc",
        "react-dom": "^16.8 || ^17.0 || ^18.0 || ^19.0 || ^19.0.0-rc"
      },
      "peerDependenciesMeta": {
        "@types/react": {
          "optional": true
        },
        "@types/react-dom": {
          "optional": true
        }
      }
    },
    "node_modules/@radix-ui/react-compose-refs": {
      "version": "1.1.5",
      "resolved": "https://registry.npmjs.org/@radix-ui/react-compose-refs/-/react-compose-refs-1.1.5.tgz",
      "integrity": "sha512-+48PbAAbq3didjJxa+OaWY2ZwgAKsNiRGyeHKszblZMQ+kcpd9pAaT11cMkGEie0vsOi3QdeTE6d5Fe3Gn61kA==",
      "license": "MIT",
      "peerDependencies": {
        "@types/react": "*",
        "react": "^16.8 || ^17.0 || ^18.0 || ^19.0 || ^19.0.0-rc"
      },
      "peerDependenciesMeta": {
        "@types/react": {
          "optional": true
        }
      }
    },
    "node_modules/@radix-ui/react-context": {
      "version": "1.2.2",
      "resolved": "https://registry.npmjs.org/@radix-ui/react-context/-/react-context-1.2.2.tgz",
      "integrity": "sha512-RHCUGwKHDr0hDGg4X7ma4JG4/+12qxw8rkh5QKdDldlCvtja6nUx1Ef/8HVrJze81lEsgLQlqjzjGNHantgnQA==",
      "license": "MIT",
      "peerDependencies": {
        "@types/react": "*",
        "react": "^16.8 || ^17.0 || ^18.0 || ^19.0 || ^19.0.0-rc"
      },
      "peerDependenciesMeta": {
        "@types/react": {
          "optional": true
        }
      }
    },
    "node_modules/@radix-ui/react-primitive": {
      "version": "2.1.10",
      "resolved": "https://registry.npmjs.org/@radix-ui/react-primitive/-/react-primitive-2.1.10.tgz",
      "integrity": "sha512-MucOnzh6hR5mid6VpkbglRAMYMjKLqRnGBbjXkzjK52fuQDd1qbkx78a5P40mkcnVXJdEVxm26E9OPAiUq7nBg==",
      "license": "MIT",
      "dependencies": {
        "@radix-ui/react-slot": "1.3.3"
      },
      "peerDependencies": {
        "@types/react": "*",
        "@types/react-dom": "*",
        "react": "^16.8 || ^17.0 || ^18.0 || ^19.0 || ^19.0.0-rc",
        "react-dom": "^16.8 || ^17.0 || ^18.0 || ^19.0 || ^19.0.0-rc"
      },
      "peerDependenciesMeta": {
        "@types/react": {
          "optional": true
        },
        "@types/react-dom": {
          "optional": true
        }
      }
    },
    "node_modules/@radix-ui/react-slot": {
      "version": "1.3.3",
      "resolved": "https://registry.npmjs.org/@radix-ui/react-slot/-/react-slot-1.3.3.tgz",
      "integrity": "sha512-qx7oqnYbxnK9kYI9m317qmFmEgo6ywqWvbTogdj7cL9p3/yx4M48p7Rnw5z3H890cL/ow/EeWJsuTykeZVXP5Q==",
      "license": "MIT",
      "dependencies": {
        "@radix-ui/react-compose-refs": "1.1.5"
      },
      "peerDependencies": {
        "@types/react": "*",
        "react": "^16.8 || ^17.0 || ^18.0 || ^19.0 || ^19.0.0-rc"
      },
      "peerDependenciesMeta": {
        "@types/react": {
          "optional": true
        }
      }
    },
    "node_modules/@radix-ui/react-use-callback-ref": {
      "version": "1.1.4",
      "resolved": "https://registry.npmjs.org/@radix-ui/react-use-callback-ref/-/react-use-callback-ref-1.1.4.tgz",
      "integrity": "sha512-R6OUY2e2fA6Yn6s+VSx5KBV6Nx8LQEhu+cz7LCej18rQ1HLyg9PSC9jP/ZNx0o6FAIK9c0F1kHylzSxKsdlkrQ==",
      "license": "MIT",
      "peerDependencies": {
        "@types/react": "*",
        "react": "^16.8 || ^17.0 || ^18.0 || ^19.0 || ^19.0.0-rc"
      },
      "peerDependenciesMeta": {
        "@types/react": {
          "optional": true
        }
      }
    },
    "node_modules/@radix-ui/react-use-is-hydrated": {
      "version": "0.1.3",
      "resolved": "https://registry.npmjs.org/@radix-ui/react-use-is-hydrated/-/react-use-is-hydrated-0.1.3.tgz",
      "integrity": "sha512-umO/aJ+82CpOnhDZUTbILCQf7kU/g0iv+oGs/Q8jw7IkhWBzaEP4sA268PhFAJTFetbwp3ICc6ktpI4TqtxcIw==",
      "license": "MIT",
      "peerDependencies": {
        "@types/react": "*",
        "react": "^16.8 || ^17.0 || ^18.0 || ^19.0 || ^19.0.0-rc"
      },
      "peerDependenciesMeta": {
        "@types/react": {
          "optional": true
        }
      }
    },
    "node_modules/@radix-ui/react-use-layout-effect": {
      "version": "1.1.4",
      "resolved": "https://registry.npmjs.org/@radix-ui/react-use-layout-effect/-/react-use-layout-effect-1.1.4.tgz",
      "integrity": "sha512-K20DkRkUwDnxEYMBPcg3Y6voLkEy5p5QQmszZgLngKKiC7dzBR/aEuK3w1qlx2JWDUNH6FluahYdgR3BP+QbYw==",
      "license": "MIT",
      "peerDependencies": {
        "@types/react": "*",
        "react": "^16.8 || ^17.0 || ^18.0 || ^19.0 || ^19.0.0-rc"
      },
      "peerDependenciesMeta": {
        "@types/react": {
          "optional": true
        }
      }
    },
    "node_modules/@react-aria/color": {
      "version": "3.2.1",
      "resolved": "https://registry.npmjs.org/@react-aria/color/-/color-3.2.1.tgz",
      "integrity": "sha512-v/pZh1yBNeayQ5Kio0xRIX0gBf6uu+KjCRW4QSydTyRpmhvk6sMzHT9i9/vIMdaDHaYHBXlXF+Tp/mvS9CG4Zw==",
      "license": "Apache-2.0",
      "dependencies": {
        "@swc/helpers": "^0.5.0",
        "react-aria": "^3.48.0"
      },
      "peerDependencies": {
        "react": "^16.8.0 || ^17.0.0-rc.1 || ^18.0.0 || ^19.0.0-rc.1",
        "react-dom": "^16.8.0 || ^17.0.0-rc.1 || ^18.0.0 || ^19.0.0-rc.1"
      }
    },
    "node_modules/@react-aria/ssr": {
      "version": "3.10.1",
      "resolved": "https://registry.npmjs.org/@react-aria/ssr/-/ssr-3.10.1.tgz",
      "integrity": "sha512-jn038/ZYmu6DpfXJ6r2U9zFFppjbc9wnApPJSCxao2RZVEqep4YyoniHSy8qv6V21/xyS4IV7W9a+X2jOjSuag==",
      "license": "Apache-2.0",
      "peer": true,
      "dependencies": {
        "@swc/helpers": "^0.5.0",
        "react-aria": "^3.48.0"
      },
      "engines": {
        "node": ">= 12"
      },
      "peerDependencies": {
        "react": "^16.8.0 || ^17.0.0-rc.1 || ^18.0.0 || ^19.0.0-rc.1",
        "react-dom": "^16.8.0 || ^17.0.0-rc.1 || ^18.0.0 || ^19.0.0-rc.1"
      }
    },
    "node_modules/@react-aria/utils": {
      "version": "3.34.1",
      "resolved": "https://registry.npmjs.org/@react-aria/utils/-/utils-3.34.1.tgz",
      "integrity": "sha512-H6+rGZL+0f58bBNaUMfctEnT+NogqwAk+nHiB8sR3K+YlQ37GTuCijy2U/pPvQtFMS5mURrjZeBH5JNNXsx14A==",
      "license": "Apache-2.0",
      "peer": true,
      "dependencies": {
        "@swc/helpers": "^0.5.0",
        "react-aria": "^3.48.0",
        "react-stately": "^3.46.0"
      },
      "peerDependencies": {
        "react": "^16.8.0 || ^17.0.0-rc.1 || ^18.0.0 || ^19.0.0-rc.1",
        "react-dom": "^16.8.0 || ^17.0.0-rc.1 || ^18.0.0 || ^19.0.0-rc.1"
      }
    },
    "node_modules/@react-spectrum/color": {
      "version": "3.2.1",
      "resolved": "https://registry.npmjs.org/@react-spectrum/color/-/color-3.2.1.tgz",
      "integrity": "sha512-FbB+GaVufsN+obNJmUAe8XGZTeJjEWvEf/k/7nxDxoDCBdg/o6eEPONAZyID5Dj1f8BZKNym8VURxDZx7IIyuQ==",
      "license": "Apache-2.0",
      "dependencies": {
        "@adobe/react-spectrum": "^3.47.0",
        "@swc/helpers": "^0.5.0",
        "react-stately": "^3.46.0"
      },
      "peerDependencies": {
        "react": "^16.8.0 || ^17.0.0-rc.1 || ^18.0.0 || ^19.0.0-rc.1",
        "react-dom": "^16.8.0 || ^17.0.0-rc.1 || ^18.0.0 || ^19.0.0-rc.1"
      }
    },
    "node_modules/@react-spectrum/provider": {
      "version": "3.11.1",
      "resolved": "https://registry.npmjs.org/@react-spectrum/provider/-/provider-3.11.1.tgz",
      "integrity": "sha512-TsoNdVdmlQ7L+75ILq5Yb3+wp/I1AtIeat0o+Y+ZBxP+TtWpwT1ZtCB5l3cplFVzHzOpZlzO0VaDrDP9ElGYDw==",
      "license": "Apache-2.0",
      "peer": true,
      "dependencies": {
        "@adobe/react-spectrum": "^3.47.0",
        "@swc/helpers": "^0.5.0"
      },
      "peerDependencies": {
        "react": "^16.8.0 || ^17.0.0-rc.1 || ^18.0.0 || ^19.0.0-rc.1",
        "react-dom": "^16.8.0 || ^17.0.0-rc.1 || ^18.0.0 || ^19.0.0-rc.1"
      }
    },
    "node_modules/@react-stately/color": {
      "version": "3.10.1",
      "resolved": "https://registry.npmjs.org/@react-stately/color/-/color-3.10.1.tgz",
      "integrity": "sha512-v4YlLa/oRQpPa/M9Yq1e0Bl8Z7xzGZdNDAIbfIMZuiJtacaOKriPW+AOgjjT/Ab0fNX2YDbwIYvkiMOJBnTi5A==",
      "license": "Apache-2.0",
      "dependencies": {
        "@swc/helpers": "^0.5.0",
        "react-stately": "^3.46.0"
      },
      "peerDependencies": {
        "react": "^16.8.0 || ^17.0.0-rc.1 || ^18.0.0 || ^19.0.0-rc.1",
        "react-dom": "^16.8.0 || ^17.0.0-rc.1 || ^18.0.0 || ^19.0.0-rc.1"
      }
    },
    "node_modules/@react-stately/utils": {
      "version": "3.12.1",
      "resolved": "https://registry.npmjs.org/@react-stately/utils/-/utils-3.12.1.tgz",
      "integrity": "sha512-NqKfzrknpfwiewx7R2vk1P+CneClInPDsIhw15+jOcUYSEfej0nta4cJywuKQJ2gsPwqX/ojDNixedCve9FWGw==",
      "license": "Apache-2.0",
      "dependencies": {
        "@swc/helpers": "^0.5.0",
        "react-stately": "^3.46.0"
      },
      "peerDependencies": {
        "react": "^16.8.0 || ^17.0.0-rc.1 || ^18.0.0 || ^19.0.0-rc.1",
        "react-dom": "^16.8.0 || ^17.0.0-rc.1 || ^18.0.0 || ^19.0.0-rc.1"
      }
    },
    "node_modules/@react-types/color": {
      "version": "3.2.0",
      "resolved": "https://registry.npmjs.org/@react-types/color/-/color-3.2.0.tgz",
      "integrity": "sha512-beV3vz80nzZ1EuYUM7296Kyi3AHcMrbQw0qub/9yzHWVTKKc5sy/e4dCMKcWL/ArkeAyc7jDOiui190RQ4l0Fw==",
      "license": "Apache-2.0",
      "dependencies": {
        "@react-aria/color": "^3.2.0",
        "@react-spectrum/color": "^3.2.0",
        "@react-stately/color": "^3.10.0"
      },
      "peerDependencies": {
        "@react-spectrum/provider": "^3.0.0",
        "react": "^16.8.0 || ^17.0.0-rc.1 || ^18.0.0 || ^19.0.0-rc.1",
        "react-dom": "^16.8.0 || ^17.0.0-rc.1 || ^18.0.0 || ^19.0.0-rc.1"
      }
    },
    "node_modules/@react-types/shared": {
      "version": "3.36.1",
      "resolved": "https://registry.npmjs.org/@react-types/shared/-/shared-3.36.1.tgz",
      "integrity": "sha512-AzsuD9OfxTOZMMvTRhlN3oHBwOmFN7tDh27LzqmHt4+uOgPhJT7ZM7/kVs/8/o0WxayMUIk3hBmCFRHv1FUoag==",
      "license": "Apache-2.0",
      "peerDependencies": {
        "react": "^16.8.0 || ^17.0.0-rc.1 || ^18.0.0 || ^19.0.0-rc.1"
      }
    },
    "node_modules/@spectrum-icons/ui": {
      "version": "3.7.2",
      "resolved": "https://registry.npmjs.org/@spectrum-icons/ui/-/ui-3.7.2.tgz",
      "integrity": "sha512-7IuSHO+Ck8gJUIGIXqDcDIU4R8RHRUZhlfz8AwN1rSdCEvdgp6DWYN0LDTMrWh7TN/H5hrJ7oDO/gUpR3TnBjw==",
      "license": "Apache-2.0",
      "dependencies": {
        "@adobe/react-spectrum-ui": "1.2.1",
        "@babel/runtime": "^7.24.4",
        "@swc/helpers": "^0.5.0"
      },
      "peerDependencies": {
        "@adobe/react-spectrum": "^3.47.0",
        "react": "^16.8.0 || ^17.0.0-rc.1 || ^18.0.0 || ^19.0.0-rc.1",
        "react-dom": "^16.8.0 || ^17.0.0-rc.1 || ^18.0.0 || ^19.0.0-rc.1"
      }
    },
    "node_modules/@spectrum-icons/workflow": {
      "version": "4.3.2",
      "resolved": "https://registry.npmjs.org/@spectrum-icons/workflow/-/workflow-4.3.2.tgz",
      "integrity": "sha512-UkVg8Kp9rInjfqtG27in9p7RWfN9JFSvZr7ZOpN2n9jkrQ1y88hZpK8dKce8lgVb7jALXtsi2p0rjyaWzO0QsA==",
      "license": "Apache-2.0",
      "dependencies": {
        "@adobe/react-spectrum-workflow": "2.3.5",
        "@swc/helpers": "^0.5.0"
      },
      "peerDependencies": {
        "@adobe/react-spectrum": "^3.47.0",
        "react": "^16.8.0 || ^17.0.0-rc.1 || ^18.0.0 || ^19.0.0-rc.1",
        "react-dom": "^16.8.0 || ^17.0.0-rc.1 || ^18.0.0 || ^19.0.0-rc.1"
      }
    },
    "node_modules/@swc/helpers": {
      "version": "0.5.23",
      "license": "Apache-2.0",
      "dependencies": {
        "tslib": "^2.8.0"
      }
    },
    "node_modules/@tailwindcss/postcss": {
      "resolved": "../../node_modules/.pnpm/@tailwindcss+postcss@4.3.3/node_modules/@tailwindcss/postcss",
      "link": true
    },
    "node_modules/@types/node": {
      "resolved": "../../node_modules/.pnpm/@types+node@20.19.43/node_modules/@types/node",
      "link": true
    },
    "node_modules/@types/react": {
      "resolved": "../../node_modules/.pnpm/@types+react@19.3.0/node_modules/@types/react",
      "link": true
    },
    "node_modules/@types/react-dom": {
      "resolved": "../../node_modules/.pnpm/@types+react-dom@19.3.0_@types+react@19.3.0/node_modules/@types/react-dom",
      "link": true
    },
    "node_modules/aria-hidden": {
      "version": "1.2.6",
      "resolved": "https://registry.npmjs.org/aria-hidden/-/aria-hidden-1.2.6.tgz",
      "integrity": "sha512-ik3ZgC9dY/lYVVM++OISsaYDeg1tb0VtP5uL3ouh1koGOaUMDPpbFIei4JkFimWUFPn90sbMNMXQAIVOlnYKJA==",
      "license": "MIT",
      "dependencies": {
        "tslib": "^2.0.0"
      },
      "engines": {
        "node": ">=10"
      }
    },
    "node_modules/client-only": {
      "version": "0.0.1",
      "license": "MIT"
    },
    "node_modules/clsx": {
      "version": "2.1.1",
      "resolved": "https://registry.npmjs.org/clsx/-/clsx-2.1.1.tgz",
      "integrity": "sha512-eYm0QWBtUrBWZWG0d386OGAw16Z995PiOVo2B7bjWSbHedGl5e0ZWaq65kOGgUSNesEIDkB9ISbTg/JK9dhCZA==",
      "license": "MIT",
      "engines": {
        "node": ">=6"
      }
    },
    "node_modules/csstype": {
      "version": "3.2.3",
      "license": "MIT"
    },
    "node_modules/dom-helpers": {
      "version": "5.2.1",
      "resolved": "https://registry.npmjs.org/dom-helpers/-/dom-helpers-5.2.1.tgz",
      "integrity": "sha512-nRCa7CK3VTrM2NmGkIy4cbK7IZlgBE/PYMn55rrXefr5xXDP0LdtfPnblFDoVdcAfslJ7or6iqAUnx0CCGIWQA==",
      "license": "MIT",
      "dependencies": {
        "@babel/runtime": "^7.8.7",
        "csstype": "^3.0.2"
      }
    },
    "node_modules/eslint": {
      "resolved": "../../node_modules/.pnpm/eslint@9.39.5_jiti@2.7.0/node_modules/eslint",
      "link": true
    },
    "node_modules/eslint-config-next": {
      "resolved": "../../node_modules/.pnpm/eslint-config-next@16.3.6_@typescript-eslint+parser@8.70.1_eslint@9.39.5_jiti@2.7.0__typescri_4r4tbp77lx35mnvdfblrlevx4m/node_modules/eslint-config-next",
      "link": true
    },
    "node_modules/input-otp": {
      "version": "1.5.0",
      "resolved": "https://registry.npmjs.org/input-otp/-/input-otp-1.5.0.tgz",
      "integrity": "sha512-3AcfdW1sNG0FmSA5hHMBXG7jNW5CdcdKs8ln8JOmn6S2SRkoXoJx+2UwC+ZvjflfnOdHJx0SfQ9/YjlxVYLtGQ==",
      "license": "MIT",
      "peerDependencies": {
        "react": "^16.8 || ^17.0 || ^18.0 || ^19.0.0 || ^19.0.0-rc",
        "react-dom": "^16.8 || ^17.0 || ^18.0 || ^19.0.0 || ^19.0.0-rc"
      }
    },
    "node_modules/js-tokens": {
      "version": "4.0.0",
      "license": "MIT"
    },
    "node_modules/loose-envify": {
      "version": "1.4.0",
      "license": "MIT",
      "dependencies": {
        "js-tokens": "^3.0.0 || ^4.0.0"
      },
      "bin": {
        "loose-envify": "cli.js"
      }
    },
    "node_modules/next": {
      "resolved": "../../node_modules/.pnpm/next@16.3.6_@babel+core@7.29.7_@types+node@20.19.43_babel-plugin-react-compiler@1.0.0_react-d_wsjwq56ieqjl5vxcffnxd7k4si/node_modules/next",
      "link": true
    },
    "node_modules/object-assign": {
      "version": "4.1.1",
      "license": "MIT",
      "engines": {
        "node": ">=0.10.0"
      }
    },
    "node_modules/prop-types": {
      "version": "15.8.1",
      "license": "MIT",
      "dependencies": {
        "loose-envify": "^1.4.0",
        "object-assign": "^4.1.1",
        "react-is": "^16.13.1"
      }
    },
    "node_modules/react": {
      "resolved": "../../node_modules/.pnpm/react@19.2.8/node_modules/react",
      "link": true
    },
    "node_modules/react-aria": {
      "version": "3.52.1",
      "resolved": "https://registry.npmjs.org/react-aria/-/react-aria-3.52.1.tgz",
      "integrity": "sha512-fdZZruC9/x/joCg0mhKGs5aHpwrXLCSZ4GOJmhhYyiE0ffyEsk9MLFt9LCOCF9tn8ErTD+UDQP4oDUSlZkmpCg==",
      "license": "Apache-2.0",
      "dependencies": {
        "@internationalized/date": "^3.12.4",
        "@internationalized/number": "^3.6.8",
        "@internationalized/string": "^3.2.10",
        "@react-types/shared": "^3.36.1",
        "@swc/helpers": "^0.5.0",
        "aria-hidden": "^1.2.3",
        "clsx": "^2.0.0",
        "react-stately": "3.50.0",
        "use-sync-external-store": "^1.6.0"
      },
      "peerDependencies": {
        "react": "^16.8.0 || ^17.0.0-rc.1 || ^18.0.0 || ^19.0.0-rc.1",
        "react-dom": "^16.8.0 || ^17.0.0-rc.1 || ^18.0.0 || ^19.0.0-rc.1"
      }
    },
    "node_modules/react-aria-components": {
      "version": "1.21.1",
      "resolved": "https://registry.npmjs.org/react-aria-components/-/react-aria-components-1.21.1.tgz",
      "integrity": "sha512-J88WflYY0z+EhLX0ce+GjFlQ3ag3ubIgfUTjpKSrBQBu92Xtl4Ub9o118HItUddtbk1Ido0jzyPy94/klZy1hg==",
      "license": "Apache-2.0",
      "dependencies": {
        "@internationalized/date": "^3.12.4",
        "@internationalized/string": "^3.2.10",
        "@react-types/shared": "^3.36.1",
        "@swc/helpers": "^0.5.0",
        "client-only": "^0.0.1",
        "react-aria": "3.52.1",
        "react-stately": "3.50.0"
      },
      "peerDependencies": {
        "react": "^16.8.0 || ^17.0.0-rc.1 || ^18.0.0 || ^19.0.0-rc.1",
        "react-dom": "^16.8.0 || ^17.0.0-rc.1 || ^18.0.0 || ^19.0.0-rc.1"
      }
    },
    "node_modules/react-dom": {
      "resolved": "../../node_modules/.pnpm/react-dom@19.2.8_react@19.2.8/node_modules/react-dom",
      "link": true
    },
    "node_modules/react-is": {
      "version": "16.13.1",
      "license": "MIT"
    },
    "node_modules/react-stately": {
      "version": "3.50.0",
      "resolved": "https://registry.npmjs.org/react-stately/-/react-stately-3.50.0.tgz",
      "integrity": "sha512-TnckvpDQGU0672wEaLZqdzvhuSeXWjgW6vijMWxiKOxc8CosQUfPGISdcZyfHqjX3XMjEtRxj4w9HumvX4h4mw==",
      "license": "Apache-2.0",
      "dependencies": {
        "@internationalized/date": "^3.12.4",
        "@internationalized/number": "^3.6.8",
        "@internationalized/string": "^3.2.10",
        "@react-types/shared": "^3.36.1",
        "@swc/helpers": "^0.5.0",
        "use-sync-external-store": "^1.6.0"
      },
      "peerDependencies": {
        "react": "^16.8.0 || ^17.0.0-rc.1 || ^18.0.0 || ^19.0.0-rc.1"
      }
    },
    "node_modules/react-transition-group": {
      "version": "4.4.5",
      "resolved": "https://registry.npmjs.org/react-transition-group/-/react-transition-group-4.4.5.tgz",
      "integrity": "sha512-pZcd1MCJoiKiBR2NRxeCRg13uCXbydPnmB4EOeRrY7480qNWO8IIgQG6zlDkm6uRMsURXPuKq0GWtiM59a5Q6g==",
      "license": "BSD-3-Clause",
      "dependencies": {
        "@babel/runtime": "^7.5.5",
        "dom-helpers": "^5.0.1",
        "loose-envify": "^1.4.0",
        "prop-types": "^15.6.2"
      },
      "peerDependencies": {
        "react": ">=16.6.0",
        "react-dom": ">=16.6.0"
      }
    },
    "node_modules/tailwind-variants": {
      "version": "3.3.1",
      "resolved": "https://registry.npmjs.org/tailwind-variants/-/tailwind-variants-3.3.1.tgz",
      "integrity": "sha512-4pAvwUtM4HKBiRZftncAbpn6V9Hhwoa5Fl7O2u5zbp7Z5Cvu+/o/6+176WY3WCEES209543quG8zFIcXCsc5Jw==",
      "license": "MIT",
      "engines": {
        "node": ">=16.9.x",
        "pnpm": ">=7.x"
      },
      "peerDependencies": {
        "tailwind-merge": ">=3.0.0",
        "tailwindcss": "*"
      },
      "peerDependenciesMeta": {
        "tailwind-merge": {
          "optional": true
        },
        "tailwindcss": {
          "optional": true
        }
      }
    },
    "node_modules/tailwindcss": {
      "resolved": "../../node_modules/.pnpm/tailwindcss@4.3.3/node_modules/tailwindcss",
      "link": true
    },
    "node_modules/tslib": {
      "version": "2.8.1",
      "license": "0BSD"
    },
    "node_modules/tw-animate-css": {
      "version": "1.4.0",
      "resolved": "https://registry.npmjs.org/tw-animate-css/-/tw-animate-css-1.4.0.tgz",
      "integrity": "sha512-7bziOlRqH0hJx80h/3mbicLW7o8qLsH5+RaLR2t+OHM3D0JlWGODQKQ4cxbK7WlvmUxpcj6Kgu6EKqjrGFe3QQ==",
      "license": "MIT",
      "funding": {
        "url": "https://github.com/sponsors/Wombosvideo"
      }
    },
    "node_modules/typescript": {
      "resolved": "../../node_modules/.pnpm/typescript@5.9.3/node_modules/typescript",
      "link": true
    },
    "node_modules/use-sync-external-store": {
      "version": "1.7.0",
      "resolved": "https://registry.npmjs.org/use-sync-external-store/-/use-sync-external-store-1.7.0.tgz",
      "integrity": "sha512-6L+EeigHMQhdaIPNIFUKwfWJSwWFQ8gJbJ2DLOs5sDIegTwR9fRxvnM3uciHKjIZhFz+KAv2emhWMRvDmMcY8A==",
      "license": "MIT",
      "peerDependencies": {
        "react": "^16.8.0 || ^17.0.0 || ^18.0.0 || ^19.0.0"
      }
    }
  }
}
